// !$*UTF8*$!
{
	archiveVersion = 1;
	classes = {
	};
	objectVersion = 56;
	objects = {

/* Begin PBXBuildFile section */
		E237F17B2A77963E00419537 /* WatchProviders.swift in Sources */ = {isa = PBXBuildFile; fileRef = E237F17A2A77963E00419537 /* WatchProviders.swift */; };
		E237F17D2A77A42700419537 /* WatchProviderView.swift in Sources */ = {isa = PBXBuildFile; fileRef = E237F17C2A77A42700419537 /* WatchProviderView.swift */; };
		E237F17F2A77CE4000419537 /* RecommendedMovieResults.swift in Sources */ = {isa = PBXBuildFile; fileRef = E237F17E2A77CE4000419537 /* RecommendedMovieResults.swift */; };
		E237F1822A77D0BB00419537 /* RecommendedCollectionViewCell.swift in Sources */ = {isa = PBXBuildFile; fileRef = E237F1802A77D0BB00419537 /* RecommendedCollectionViewCell.swift */; };
		E237F1832A77D0BB00419537 /* RecommendedCollectionViewCell.xib in Resources */ = {isa = PBXBuildFile; fileRef = E237F1812A77D0BB00419537 /* RecommendedCollectionViewCell.xib */; };
		E237F1852A77D15D00419537 /* MovieDetailViewController+Collections.swift in Sources */ = {isa = PBXBuildFile; fileRef = E237F1842A77D15D00419537 /* MovieDetailViewController+Collections.swift */; };
		E2571FDC2A7A3A79004F5373 /* MovieVideoResults.swift in Sources */ = {isa = PBXBuildFile; fileRef = E2571FDB2A7A3A79004F5373 /* MovieVideoResults.swift */; };
		E2571FDE2A7A3A93004F5373 /* MovieVideo.swift in Sources */ = {isa = PBXBuildFile; fileRef = E2571FDD2A7A3A93004F5373 /* MovieVideo.swift */; };
		E2713D132A6D425200D0FF8D /* AppDelegate.swift in Sources */ = {isa = PBXBuildFile; fileRef = E2713D122A6D425200D0FF8D /* AppDelegate.swift */; };
		E2713D152A6D425200D0FF8D /* SceneDelegate.swift in Sources */ = {isa = PBXBuildFile; fileRef = E2713D142A6D425200D0FF8D /* SceneDelegate.swift */; };
		E2713D172A6D425200D0FF8D /* MovieListViewController.swift in Sources */ = {isa = PBXBuildFile; fileRef = E2713D162A6D425200D0FF8D /* MovieListViewController.swift */; };
		E2713D1A2A6D425200D0FF8D /* Main.storyboard in Resources */ = {isa = PBXBuildFile; fileRef = E2713D182A6D425200D0FF8D /* Main.storyboard */; };
		E2713D1C2A6D425400D0FF8D /* Assets.xcassets in Resources */ = {isa = PBXBuildFile; fileRef = E2713D1B2A6D425400D0FF8D /* Assets.xcassets */; };
		E2713D1F2A6D425400D0FF8D /* LaunchScreen.storyboard in Resources */ = {isa = PBXBuildFile; fileRef = E2713D1D2A6D425400D0FF8D /* LaunchScreen.storyboard */; };
		E2713D292A6D455100D0FF8D /* MovieSearchViewController.swift in Sources */ = {isa = PBXBuildFile; fileRef = E2713D282A6D455100D0FF8D /* MovieSearchViewController.swift */; };
		E2713D2B2A6D458B00D0FF8D /* FavoriteMoviesViewController.swift in Sources */ = {isa = PBXBuildFile; fileRef = E2713D2A2A6D458B00D0FF8D /* FavoriteMoviesViewController.swift */; };
		E2713D2D2A6D45B500D0FF8D /* MovieDetailViewController.swift in Sources */ = {isa = PBXBuildFile; fileRef = E2713D2C2A6D45B500D0FF8D /* MovieDetailViewController.swift */; };
		E2713D2F2A6D45D800D0FF8D /* CastDetailViewController.swift in Sources */ = {isa = PBXBuildFile; fileRef = E2713D2E2A6D45D800D0FF8D /* CastDetailViewController.swift */; };
		E2713D322A6D46D300D0FF8D /* Movie.swift in Sources */ = {isa = PBXBuildFile; fileRef = E2713D312A6D46D300D0FF8D /* Movie.swift */; };
		E2713D342A6D46EA00D0FF8D /* Cast.swift in Sources */ = {isa = PBXBuildFile; fileRef = E2713D332A6D46EA00D0FF8D /* Cast.swift */; };
		E2713D372A6D471D00D0FF8D /* NetworkManager.swift in Sources */ = {isa = PBXBuildFile; fileRef = E2713D362A6D471D00D0FF8D /* NetworkManager.swift */; };
		E2713D3F2A6D49EE00D0FF8D /* MovieListSortingOptions.swift in Sources */ = {isa = PBXBuildFile; fileRef = E2713D3E2A6D49EE00D0FF8D /* MovieListSortingOptions.swift */; };
		E2713D412A6D4A2500D0FF8D /* FavouriteManager.swift in Sources */ = {isa = PBXBuildFile; fileRef = E2713D402A6D4A2500D0FF8D /* FavouriteManager.swift */; };
		E2713D452A6D4B9900D0FF8D /* Constants.swift in Sources */ = {isa = PBXBuildFile; fileRef = E2713D442A6D4B9900D0FF8D /* Constants.swift */; };
		E2713D4B2A6D705A00D0FF8D /* MovieTableViewCell.swift in Sources */ = {isa = PBXBuildFile; fileRef = E2713D492A6D705A00D0FF8D /* MovieTableViewCell.swift */; };
		E2713D4C2A6D705A00D0FF8D /* MovieTableViewCell.xib in Resources */ = {isa = PBXBuildFile; fileRef = E2713D4A2A6D705A00D0FF8D /* MovieTableViewCell.xib */; };
		E2713D4F2A6D72F800D0FF8D /* ProductionCompany.swift in Sources */ = {isa = PBXBuildFile; fileRef = E2713D4E2A6D72F800D0FF8D /* ProductionCompany.swift */; };
		E2713D512A6D75DC00D0FF8D /* PopularMovies.swift in Sources */ = {isa = PBXBuildFile; fileRef = E2713D502A6D75DC00D0FF8D /* PopularMovies.swift */; };
		E2713D532A6D765900D0FF8D /* MovieSearchResults.swift in Sources */ = {isa = PBXBuildFile; fileRef = E2713D522A6D765900D0FF8D /* MovieSearchResults.swift */; };
		E2713D552A6D770D00D0FF8D /* MovieCredit.swift in Sources */ = {isa = PBXBuildFile; fileRef = E2713D542A6D770D00D0FF8D /* MovieCredit.swift */; };
		E2713D5A2A6DA30000D0FF8D /* Alamofire in Frameworks */ = {isa = PBXBuildFile; productRef = E2713D592A6DA30000D0FF8D /* Alamofire */; };
		E2713D5C2A6DA36500D0FF8D /* NetworkConstants.swift in Sources */ = {isa = PBXBuildFile; fileRef = E2713D5B2A6DA36500D0FF8D /* NetworkConstants.swift */; };
		E2713D612A6E5FC000D0FF8D /* Kingfisher in Frameworks */ = {isa = PBXBuildFile; productRef = E2713D602A6E5FC000D0FF8D /* Kingfisher */; };
		E2713D632A6E611000D0FF8D /* UIImageView.swift in Sources */ = {isa = PBXBuildFile; fileRef = E2713D622A6E611000D0FF8D /* UIImageView.swift */; };
		E2AA20E32A6FC6EF00905FE1 /* FlagKit in Frameworks */ = {isa = PBXBuildFile; productRef = E2AA20E22A6FC6EF00905FE1 /* FlagKit */; };
		E2AA20E62A6FD9E100905FE1 /* CastCollectionViewCell.swift in Sources */ = {isa = PBXBuildFile; fileRef = E2AA20E42A6FD9E000905FE1 /* CastCollectionViewCell.swift */; };
		E2AA20E72A6FD9E100905FE1 /* CastCollectionViewCell.xib in Resources */ = {isa = PBXBuildFile; fileRef = E2AA20E52A6FD9E000905FE1 /* CastCollectionViewCell.xib */; };
		E2AA20E92A6FDABF00905FE1 /* UIScrollView.swift in Sources */ = {isa = PBXBuildFile; fileRef = E2AA20E82A6FDABF00905FE1 /* UIScrollView.swift */; };
		E2AA20EB2A6FEB4F00905FE1 /* UIView.swift in Sources */ = {isa = PBXBuildFile; fileRef = E2AA20EA2A6FEB4F00905FE1 /* UIView.swift */; };
		E2AA20ED2A6FEBC800905FE1 /* LoadingView.swift in Sources */ = {isa = PBXBuildFile; fileRef = E2AA20EC2A6FEBC800905FE1 /* LoadingView.swift */; };
		E2AA20EF2A6FEECE00905FE1 /* APIManager.swift in Sources */ = {isa = PBXBuildFile; fileRef = E2AA20EE2A6FEECE00905FE1 /* APIManager.swift */; };
		E2AEBA862A79448A0023E564 /* ViewControllerNavigationHandlerDelegate.swift in Sources */ = {isa = PBXBuildFile; fileRef = E2AEBA852A79448A0023E564 /* ViewControllerNavigationHandlerDelegate.swift */; };
		E2AFE9A52A78FD3400230DCF /* GenreView.swift in Sources */ = {isa = PBXBuildFile; fileRef = E2AFE9A42A78FD3300230DCF /* GenreView.swift */; };
		E2AFE9A72A79287100230DCF /* CastMovieCredit.swift in Sources */ = {isa = PBXBuildFile; fileRef = E2AFE9A62A79287100230DCF /* CastMovieCredit.swift */; };
		E2B825692A6E8B620013FA90 /* UIViewController.swift in Sources */ = {isa = PBXBuildFile; fileRef = E2B825682A6E8B620013FA90 /* UIViewController.swift */; };
		E2B8256C2A6E953C0013FA90 /* Localizable.strings in Resources */ = {isa = PBXBuildFile; fileRef = E2B8256E2A6E953C0013FA90 /* Localizable.strings */; };
		E2B825752A6E9CF80013FA90 /* Double.swift in Sources */ = {isa = PBXBuildFile; fileRef = E2B825742A6E9CF80013FA90 /* Double.swift */; };
		E2B825772A6E9D520013FA90 /* String.swift in Sources */ = {isa = PBXBuildFile; fileRef = E2B825762A6E9D520013FA90 /* String.swift */; };
		E2D358A82A73E5C3007D5C4D /* UIImage.swift in Sources */ = {isa = PBXBuildFile; fileRef = E2D358A72A73E5C3007D5C4D /* UIImage.swift */; };
		E2FF095E2A710F9700A0E82A /* ErrorAlertManager.swift in Sources */ = {isa = PBXBuildFile; fileRef = E2FF095D2A710F9700A0E82A /* ErrorAlertManager.swift */; };
		E2FF09612A7133C400A0E82A /* FavouriteMovie.xcdatamodeld in Sources */ = {isa = PBXBuildFile; fileRef = E2FF095F2A7133C400A0E82A /* FavouriteMovie.xcdatamodeld */; };
		E2FF09632A7147CA00A0E82A /* UIButton.swift in Sources */ = {isa = PBXBuildFile; fileRef = E2FF09622A7147CA00A0E82A /* UIButton.swift */; };
		E2FF09652A71649E00A0E82A /* Date.swift in Sources */ = {isa = PBXBuildFile; fileRef = E2FF09642A71649E00A0E82A /* Date.swift */; };
/* End PBXBuildFile section */

/* Begin PBXFileReference section */
		E23192EA2A7009D100D40F63 /* en */ = {isa = PBXFileReference; lastKnownFileType = text.plist.strings; name = en; path = en.lproj/Main.strings; sourceTree = "<group>"; };
		E23192EB2A7009D900D40F63 /* tr */ = {isa = PBXFileReference; lastKnownFileType = text.plist.strings; name = tr; path = tr.lproj/Main.strings; sourceTree = "<group>"; };
		E237F17A2A77963E00419537 /* WatchProviders.swift */ = {isa = PBXFileReference; lastKnownFileType = sourcecode.swift; path = WatchProviders.swift; sourceTree = "<group>"; };
		E237F17C2A77A42700419537 /* WatchProviderView.swift */ = {isa = PBXFileReference; lastKnownFileType = sourcecode.swift; path = WatchProviderView.swift; sourceTree = "<group>"; };
		E237F17E2A77CE4000419537 /* RecommendedMovieResults.swift */ = {isa = PBXFileReference; lastKnownFileType = sourcecode.swift; path = RecommendedMovieResults.swift; sourceTree = "<group>"; };
		E237F1802A77D0BB00419537 /* RecommendedCollectionViewCell.swift */ = {isa = PBXFileReference; lastKnownFileType = sourcecode.swift; path = RecommendedCollectionViewCell.swift; sourceTree = "<group>"; };
		E237F1812A77D0BB00419537 /* RecommendedCollectionViewCell.xib */ = {isa = PBXFileReference; lastKnownFileType = file.xib; path = RecommendedCollectionViewCell.xib; sourceTree = "<group>"; };
		E237F1842A77D15D00419537 /* MovieDetailViewController+Collections.swift */ = {isa = PBXFileReference; lastKnownFileType = sourcecode.swift; path = "MovieDetailViewController+Collections.swift"; sourceTree = "<group>"; };
		E2571FDB2A7A3A79004F5373 /* MovieVideoResults.swift */ = {isa = PBXFileReference; lastKnownFileType = sourcecode.swift; path = MovieVideoResults.swift; sourceTree = "<group>"; };
		E2571FDD2A7A3A93004F5373 /* MovieVideo.swift */ = {isa = PBXFileReference; lastKnownFileType = sourcecode.swift; path = MovieVideo.swift; sourceTree = "<group>"; };
		E2713D0F2A6D425200D0FF8D /* MovieProject.app */ = {isa = PBXFileReference; explicitFileType = wrapper.application; includeInIndex = 0; path = MovieProject.app; sourceTree = BUILT_PRODUCTS_DIR; };
		E2713D122A6D425200D0FF8D /* AppDelegate.swift */ = {isa = PBXFileReference; lastKnownFileType = sourcecode.swift; path = AppDelegate.swift; sourceTree = "<group>"; };
		E2713D142A6D425200D0FF8D /* SceneDelegate.swift */ = {isa = PBXFileReference; lastKnownFileType = sourcecode.swift; path = SceneDelegate.swift; sourceTree = "<group>"; };
		E2713D162A6D425200D0FF8D /* MovieListViewController.swift */ = {isa = PBXFileReference; lastKnownFileType = sourcecode.swift; path = MovieListViewController.swift; sourceTree = "<group>"; };
		E2713D192A6D425200D0FF8D /* Base */ = {isa = PBXFileReference; lastKnownFileType = file.storyboard; name = Base; path = Base.lproj/Main.storyboard; sourceTree = "<group>"; };
		E2713D1B2A6D425400D0FF8D /* Assets.xcassets */ = {isa = PBXFileReference; lastKnownFileType = folder.assetcatalog; path = Assets.xcassets; sourceTree = "<group>"; };
		E2713D1E2A6D425400D0FF8D /* Base */ = {isa = PBXFileReference; lastKnownFileType = file.storyboard; name = Base; path = Base.lproj/LaunchScreen.storyboard; sourceTree = "<group>"; };
		E2713D202A6D425400D0FF8D /* Info.plist */ = {isa = PBXFileReference; lastKnownFileType = text.plist.xml; path = Info.plist; sourceTree = "<group>"; };
		E2713D282A6D455100D0FF8D /* MovieSearchViewController.swift */ = {isa = PBXFileReference; lastKnownFileType = sourcecode.swift; path = MovieSearchViewController.swift; sourceTree = "<group>"; };
		E2713D2A2A6D458B00D0FF8D /* FavoriteMoviesViewController.swift */ = {isa = PBXFileReference; lastKnownFileType = sourcecode.swift; path = FavoriteMoviesViewController.swift; sourceTree = "<group>"; };
		E2713D2C2A6D45B500D0FF8D /* MovieDetailViewController.swift */ = {isa = PBXFileReference; lastKnownFileType = sourcecode.swift; path = MovieDetailViewController.swift; sourceTree = "<group>"; };
		E2713D2E2A6D45D800D0FF8D /* CastDetailViewController.swift */ = {isa = PBXFileReference; lastKnownFileType = sourcecode.swift; path = CastDetailViewController.swift; sourceTree = "<group>"; };
		E2713D312A6D46D300D0FF8D /* Movie.swift */ = {isa = PBXFileReference; lastKnownFileType = sourcecode.swift; path = Movie.swift; sourceTree = "<group>"; };
		E2713D332A6D46EA00D0FF8D /* Cast.swift */ = {isa = PBXFileReference; lastKnownFileType = sourcecode.swift; path = Cast.swift; sourceTree = "<group>"; };
		E2713D362A6D471D00D0FF8D /* NetworkManager.swift */ = {isa = PBXFileReference; lastKnownFileType = sourcecode.swift; path = NetworkManager.swift; sourceTree = "<group>"; };
		E2713D3E2A6D49EE00D0FF8D /* MovieListSortingOptions.swift */ = {isa = PBXFileReference; lastKnownFileType = sourcecode.swift; path = MovieListSortingOptions.swift; sourceTree = "<group>"; };
		E2713D402A6D4A2500D0FF8D /* FavouriteManager.swift */ = {isa = PBXFileReference; lastKnownFileType = sourcecode.swift; path = FavouriteManager.swift; sourceTree = "<group>"; };
		E2713D442A6D4B9900D0FF8D /* Constants.swift */ = {isa = PBXFileReference; lastKnownFileType = sourcecode.swift; path = Constants.swift; sourceTree = "<group>"; };
		E2713D492A6D705A00D0FF8D /* MovieTableViewCell.swift */ = {isa = PBXFileReference; lastKnownFileType = sourcecode.swift; path = MovieTableViewCell.swift; sourceTree = "<group>"; };
		E2713D4A2A6D705A00D0FF8D /* MovieTableViewCell.xib */ = {isa = PBXFileReference; lastKnownFileType = file.xib; path = MovieTableViewCell.xib; sourceTree = "<group>"; };
		E2713D4E2A6D72F800D0FF8D /* ProductionCompany.swift */ = {isa = PBXFileReference; lastKnownFileType = sourcecode.swift; path = ProductionCompany.swift; sourceTree = "<group>"; };
		E2713D502A6D75DC00D0FF8D /* PopularMovies.swift */ = {isa = PBXFileReference; lastKnownFileType = sourcecode.swift; path = PopularMovies.swift; sourceTree = "<group>"; };
		E2713D522A6D765900D0FF8D /* MovieSearchResults.swift */ = {isa = PBXFileReference; lastKnownFileType = sourcecode.swift; path = MovieSearchResults.swift; sourceTree = "<group>"; };
		E2713D542A6D770D00D0FF8D /* MovieCredit.swift */ = {isa = PBXFileReference; lastKnownFileType = sourcecode.swift; path = MovieCredit.swift; sourceTree = "<group>"; };
		E2713D5B2A6DA36500D0FF8D /* NetworkConstants.swift */ = {isa = PBXFileReference; lastKnownFileType = sourcecode.swift; path = NetworkConstants.swift; sourceTree = "<group>"; };
		E2713D622A6E611000D0FF8D /* UIImageView.swift */ = {isa = PBXFileReference; lastKnownFileType = sourcecode.swift; path = UIImageView.swift; sourceTree = "<group>"; };
		E2AA20E42A6FD9E000905FE1 /* CastCollectionViewCell.swift */ = {isa = PBXFileReference; lastKnownFileType = sourcecode.swift; path = CastCollectionViewCell.swift; sourceTree = "<group>"; };
		E2AA20E52A6FD9E000905FE1 /* CastCollectionViewCell.xib */ = {isa = PBXFileReference; lastKnownFileType = file.xib; path = CastCollectionViewCell.xib; sourceTree = "<group>"; };
		E2AA20E82A6FDABF00905FE1 /* UIScrollView.swift */ = {isa = PBXFileReference; lastKnownFileType = sourcecode.swift; path = UIScrollView.swift; sourceTree = "<group>"; };
		E2AA20EA2A6FEB4F00905FE1 /* UIView.swift */ = {isa = PBXFileReference; lastKnownFileType = sourcecode.swift; path = UIView.swift; sourceTree = "<group>"; };
		E2AA20EC2A6FEBC800905FE1 /* LoadingView.swift */ = {isa = PBXFileReference; lastKnownFileType = sourcecode.swift; path = LoadingView.swift; sourceTree = "<group>"; };
		E2AA20EE2A6FEECE00905FE1 /* APIManager.swift */ = {isa = PBXFileReference; lastKnownFileType = sourcecode.swift; path = APIManager.swift; sourceTree = "<group>"; };
		E2AEBA852A79448A0023E564 /* ViewControllerNavigationHandlerDelegate.swift */ = {isa = PBXFileReference; lastKnownFileType = sourcecode.swift; path = ViewControllerNavigationHandlerDelegate.swift; sourceTree = "<group>"; };
		E2AFE9A42A78FD3300230DCF /* GenreView.swift */ = {isa = PBXFileReference; lastKnownFileType = sourcecode.swift; path = GenreView.swift; sourceTree = "<group>"; };
		E2AFE9A62A79287100230DCF /* CastMovieCredit.swift */ = {isa = PBXFileReference; lastKnownFileType = sourcecode.swift; path = CastMovieCredit.swift; sourceTree = "<group>"; };
		E2B825682A6E8B620013FA90 /* UIViewController.swift */ = {isa = PBXFileReference; lastKnownFileType = sourcecode.swift; path = UIViewController.swift; sourceTree = "<group>"; };
		E2B8256D2A6E953C0013FA90 /* en */ = {isa = PBXFileReference; lastKnownFileType = text.plist.strings; name = en; path = en.lproj/Localizable.strings; sourceTree = "<group>"; };
		E2B8256F2A6E956B0013FA90 /* tr */ = {isa = PBXFileReference; lastKnownFileType = text.plist.strings; name = tr; path = tr.lproj/LaunchScreen.strings; sourceTree = "<group>"; };
		E2B825712A6E956C0013FA90 /* tr */ = {isa = PBXFileReference; lastKnownFileType = text.plist.strings; name = tr; path = tr.lproj/Localizable.strings; sourceTree = "<group>"; };
		E2B825742A6E9CF80013FA90 /* Double.swift */ = {isa = PBXFileReference; lastKnownFileType = sourcecode.swift; path = Double.swift; sourceTree = "<group>"; };
		E2B825762A6E9D520013FA90 /* String.swift */ = {isa = PBXFileReference; lastKnownFileType = sourcecode.swift; path = String.swift; sourceTree = "<group>"; };
		E2D358A72A73E5C3007D5C4D /* UIImage.swift */ = {isa = PBXFileReference; lastKnownFileType = sourcecode.swift; path = UIImage.swift; sourceTree = "<group>"; };
		E2FF095D2A710F9700A0E82A /* ErrorAlertManager.swift */ = {isa = PBXFileReference; lastKnownFileType = sourcecode.swift; path = ErrorAlertManager.swift; sourceTree = "<group>"; };
		E2FF09602A7133C400A0E82A /* FavouriteMovie.xcdatamodel */ = {isa = PBXFileReference; lastKnownFileType = wrapper.xcdatamodel; path = FavouriteMovie.xcdatamodel; sourceTree = "<group>"; };
		E2FF09622A7147CA00A0E82A /* UIButton.swift */ = {isa = PBXFileReference; lastKnownFileType = sourcecode.swift; path = UIButton.swift; sourceTree = "<group>"; };
		E2FF09642A71649E00A0E82A /* Date.swift */ = {isa = PBXFileReference; lastKnownFileType = sourcecode.swift; path = Date.swift; sourceTree = "<group>"; };
/* End PBXFileReference section */

/* Begin PBXFrameworksBuildPhase section */
		E2713D0C2A6D425200D0FF8D /* Frameworks */ = {
			isa = PBXFrameworksBuildPhase;
			buildActionMask = 2147483647;
			files = (
				E2AA20E32A6FC6EF00905FE1 /* FlagKit in Frameworks */,
				E2713D612A6E5FC000D0FF8D /* Kingfisher in Frameworks */,
				E2713D5A2A6DA30000D0FF8D /* Alamofire in Frameworks */,
			);
			runOnlyForDeploymentPostprocessing = 0;
		};
/* End PBXFrameworksBuildPhase section */

/* Begin PBXGroup section */
		E2713D062A6D425200D0FF8D = {
			isa = PBXGroup;
			children = (
				E2713D112A6D425200D0FF8D /* MovieProject */,
				E2713D102A6D425200D0FF8D /* Products */,
			);
			sourceTree = "<group>";
		};
		E2713D102A6D425200D0FF8D /* Products */ = {
			isa = PBXGroup;
			children = (
				E2713D0F2A6D425200D0FF8D /* MovieProject.app */,
			);
			name = Products;
			sourceTree = "<group>";
		};
		E2713D112A6D425200D0FF8D /* MovieProject */ = {
			isa = PBXGroup;
			children = (
				E2713D202A6D425400D0FF8D /* Info.plist */,
				E2713D462A6D4BC000D0FF8D /* Utilities */,
				E2713D3D2A6D49D700D0FF8D /* Enums */,
				E2713D3C2A6D49CD00D0FF8D /* Helpers */,
				E2713D4D2A6D706000D0FF8D /* Views */,
				E2713D352A6D470100D0FF8D /* Networking */,
				E2AEBA872A7947D50023E564 /* Protocols */,
				E2713D302A6D46B100D0FF8D /* Models */,
				E2713D272A6D451500D0FF8D /* Controllers */,
				E2713D382A6D496600D0FF8D /* Resources */,
				E2713D1D2A6D425400D0FF8D /* LaunchScreen.storyboard */,
				E2713D182A6D425200D0FF8D /* Main.storyboard */,
				E2713D1B2A6D425400D0FF8D /* Assets.xcassets */,
				E2713D142A6D425200D0FF8D /* SceneDelegate.swift */,
				E2713D122A6D425200D0FF8D /* AppDelegate.swift */,
				E2713D3B2A6D49A800D0FF8D /* SupportingFiles */,
				E2713D652A6E614F00D0FF8D /* Extensions */,
			);
			path = MovieProject;
			sourceTree = "<group>";
		};
		E2713D272A6D451500D0FF8D /* Controllers */ = {
			isa = PBXGroup;
			children = (
				E2713D162A6D425200D0FF8D /* MovieListViewController.swift */,
				E2713D282A6D455100D0FF8D /* MovieSearchViewController.swift */,
				E2713D2A2A6D458B00D0FF8D /* FavoriteMoviesViewController.swift */,
				E2713D2C2A6D45B500D0FF8D /* MovieDetailViewController.swift */,
				E2713D2E2A6D45D800D0FF8D /* CastDetailViewController.swift */,
				E237F1842A77D15D00419537 /* MovieDetailViewController+Collections.swift */,
			);
			path = Controllers;
			sourceTree = "<group>";
		};
		E2713D302A6D46B100D0FF8D /* Models */ = {
			isa = PBXGroup;
			children = (
				E2FF095F2A7133C400A0E82A /* FavouriteMovie.xcdatamodeld */,
				E2713D312A6D46D300D0FF8D /* Movie.swift */,
				E2571FDD2A7A3A93004F5373 /* MovieVideo.swift */,
				E2713D542A6D770D00D0FF8D /* MovieCredit.swift */,
				E2571FDB2A7A3A79004F5373 /* MovieVideoResults.swift */,
				E2713D522A6D765900D0FF8D /* MovieSearchResults.swift */,
				E237F17E2A77CE4000419537 /* RecommendedMovieResults.swift */,
				E2AFE9A62A79287100230DCF /* CastMovieCredit.swift */,
				E2713D332A6D46EA00D0FF8D /* Cast.swift */,
				E2713D4E2A6D72F800D0FF8D /* ProductionCompany.swift */,
				E2713D502A6D75DC00D0FF8D /* PopularMovies.swift */,
				E237F17A2A77963E00419537 /* WatchProviders.swift */,
			);
			path = Models;
			sourceTree = "<group>";
		};
		E2713D352A6D470100D0FF8D /* Networking */ = {
			isa = PBXGroup;
			children = (
				E2713D5B2A6DA36500D0FF8D /* NetworkConstants.swift */,
				E2713D362A6D471D00D0FF8D /* NetworkManager.swift */,
				E2AA20EE2A6FEECE00905FE1 /* APIManager.swift */,
			);
			path = Networking;
			sourceTree = "<group>";
		};
		E2713D382A6D496600D0FF8D /* Resources */ = {
			isa = PBXGroup;
			children = (
				E2B8256E2A6E953C0013FA90 /* Localizable.strings */,
			);
			path = Resources;
			sourceTree = "<group>";
		};
		E2713D3B2A6D49A800D0FF8D /* SupportingFiles */ = {
			isa = PBXGroup;
			children = (
			);
			path = SupportingFiles;
			sourceTree = "<group>";
		};
		E2713D3C2A6D49CD00D0FF8D /* Helpers */ = {
			isa = PBXGroup;
			children = (
				E2713D402A6D4A2500D0FF8D /* FavouriteManager.swift */,
				E2FF095D2A710F9700A0E82A /* ErrorAlertManager.swift */,
			);
			path = Helpers;
			sourceTree = "<group>";
		};
		E2713D3D2A6D49D700D0FF8D /* Enums */ = {
			isa = PBXGroup;
			children = (
				E2713D3E2A6D49EE00D0FF8D /* MovieListSortingOptions.swift */,
			);
			path = Enums;
			sourceTree = "<group>";
		};
		E2713D462A6D4BC000D0FF8D /* Utilities */ = {
			isa = PBXGroup;
			children = (
				E2713D442A6D4B9900D0FF8D /* Constants.swift */,
			);
			path = Utilities;
			sourceTree = "<group>";
		};
		E2713D4D2A6D706000D0FF8D /* Views */ = {
			isa = PBXGroup;
			children = (
				E2713D492A6D705A00D0FF8D /* MovieTableViewCell.swift */,
				E2713D4A2A6D705A00D0FF8D /* MovieTableViewCell.xib */,
				E2AA20E42A6FD9E000905FE1 /* CastCollectionViewCell.swift */,
				E2AA20E52A6FD9E000905FE1 /* CastCollectionViewCell.xib */,
				E237F1802A77D0BB00419537 /* RecommendedCollectionViewCell.swift */,
				E237F1812A77D0BB00419537 /* RecommendedCollectionViewCell.xib */,
				E2AA20EC2A6FEBC800905FE1 /* LoadingView.swift */,
				E237F17C2A77A42700419537 /* WatchProviderView.swift */,
				E2AFE9A42A78FD3300230DCF /* GenreView.swift */,
			);
			path = Views;
			sourceTree = "<group>";
		};
		E2713D652A6E614F00D0FF8D /* Extensions */ = {
			isa = PBXGroup;
			children = (
				E2713D622A6E611000D0FF8D /* UIImageView.swift */,
				E2B825682A6E8B620013FA90 /* UIViewController.swift */,
				E2B825742A6E9CF80013FA90 /* Double.swift */,
				E2B825762A6E9D520013FA90 /* String.swift */,
				E2AA20E82A6FDABF00905FE1 /* UIScrollView.swift */,
				E2AA20EA2A6FEB4F00905FE1 /* UIView.swift */,
				E2FF09622A7147CA00A0E82A /* UIButton.swift */,
				E2FF09642A71649E00A0E82A /* Date.swift */,
				E2D358A72A73E5C3007D5C4D /* UIImage.swift */,
			);
			path = Extensions;
			sourceTree = "<group>";
		};
		E2AEBA872A7947D50023E564 /* Protocols */ = {
			isa = PBXGroup;
			children = (
				E2AEBA852A79448A0023E564 /* ViewControllerNavigationHandlerDelegate.swift */,
			);
			path = Protocols;
			sourceTree = "<group>";
		};
/* End PBXGroup section */

/* Begin PBXNativeTarget section */
		E2713D0E2A6D425200D0FF8D /* MovieProject */ = {
			isa = PBXNativeTarget;
			buildConfigurationList = E2713D232A6D425400D0FF8D /* Build configuration list for PBXNativeTarget "MovieProject" */;
			buildPhases = (
				E2713D0B2A6D425200D0FF8D /* Sources */,
				E2713D0C2A6D425200D0FF8D /* Frameworks */,
				E2713D0D2A6D425200D0FF8D /* Resources */,
			);
			buildRules = (
			);
			dependencies = (
			);
			name = MovieProject;
			packageProductDependencies = (
				E2713D592A6DA30000D0FF8D /* Alamofire */,
				E2713D602A6E5FC000D0FF8D /* Kingfisher */,
				E2AA20E22A6FC6EF00905FE1 /* FlagKit */,
			);
			productName = MovieProject;
			productReference = E2713D0F2A6D425200D0FF8D /* MovieProject.app */;
			productType = "com.apple.product-type.application";
		};
/* End PBXNativeTarget section */

/* Begin PBXProject section */
		E2713D072A6D425200D0FF8D /* Project object */ = {
			isa = PBXProject;
			attributes = {
				BuildIndependentTargetsInParallel = 1;
				KnownAssetTags = (
					a,
					castForMovie,
					recommendedMovies,
				);
				LastSwiftUpdateCheck = 1420;
				LastUpgradeCheck = 1420;
				TargetAttributes = {
					E2713D0E2A6D425200D0FF8D = {
						CreatedOnToolsVersion = 14.2;
					};
				};
			};
			buildConfigurationList = E2713D0A2A6D425200D0FF8D /* Build configuration list for PBXProject "MovieProject" */;
			compatibilityVersion = "Xcode 14.0";
			developmentRegion = en;
			hasScannedForEncodings = 0;
			knownRegions = (
				en,
				Base,
				tr,
			);
			mainGroup = E2713D062A6D425200D0FF8D;
			packageReferences = (
				E2713D582A6DA30000D0FF8D /* XCRemoteSwiftPackageReference "Alamofire" */,
				E2713D5F2A6E5FC000D0FF8D /* XCRemoteSwiftPackageReference "Kingfisher" */,
				E2AA20E12A6FC6EF00905FE1 /* XCRemoteSwiftPackageReference "FlagKit" */,
			);
			productRefGroup = E2713D102A6D425200D0FF8D /* Products */;
			projectDirPath = "";
			projectRoot = "";
			targets = (
				E2713D0E2A6D425200D0FF8D /* MovieProject */,
			);
		};
/* End PBXProject section */

/* Begin PBXResourcesBuildPhase section */
		E2713D0D2A6D425200D0FF8D /* Resources */ = {
			isa = PBXResourcesBuildPhase;
			buildActionMask = 2147483647;
			files = (
				E2B8256C2A6E953C0013FA90 /* Localizable.strings in Resources */,
				E2AA20E72A6FD9E100905FE1 /* CastCollectionViewCell.xib in Resources */,
				E2713D1F2A6D425400D0FF8D /* LaunchScreen.storyboard in Resources */,
				E2713D1C2A6D425400D0FF8D /* Assets.xcassets in Resources */,
				E2713D4C2A6D705A00D0FF8D /* MovieTableViewCell.xib in Resources */,
				E2713D1A2A6D425200D0FF8D /* Main.storyboard in Resources */,
				E237F1832A77D0BB00419537 /* RecommendedCollectionViewCell.xib in Resources */,
			);
			runOnlyForDeploymentPostprocessing = 0;
		};
/* End PBXResourcesBuildPhase section */

/* Begin PBXSourcesBuildPhase section */
		E2713D0B2A6D425200D0FF8D /* Sources */ = {
			isa = PBXSourcesBuildPhase;
			buildActionMask = 2147483647;
			files = (
				E237F17B2A77963E00419537 /* WatchProviders.swift in Sources */,
				E2713D4F2A6D72F800D0FF8D /* ProductionCompany.swift in Sources */,
				E2AA20E62A6FD9E100905FE1 /* CastCollectionViewCell.swift in Sources */,
				E2713D2F2A6D45D800D0FF8D /* CastDetailViewController.swift in Sources */,
				E2FF09612A7133C400A0E82A /* FavouriteMovie.xcdatamodeld in Sources */,
				E2713D3F2A6D49EE00D0FF8D /* MovieListSortingOptions.swift in Sources */,
				E2FF09652A71649E00A0E82A /* Date.swift in Sources */,
				E2AA20ED2A6FEBC800905FE1 /* LoadingView.swift in Sources */,
				E2713D412A6D4A2500D0FF8D /* FavouriteManager.swift in Sources */,
				E2713D342A6D46EA00D0FF8D /* Cast.swift in Sources */,
				E2B825772A6E9D520013FA90 /* String.swift in Sources */,
				E2713D4B2A6D705A00D0FF8D /* MovieTableViewCell.swift in Sources */,
				E2AA20E92A6FDABF00905FE1 /* UIScrollView.swift in Sources */,
				E237F17F2A77CE4000419537 /* RecommendedMovieResults.swift in Sources */,
				E2AFE9A72A79287100230DCF /* CastMovieCredit.swift in Sources */,
				E2713D372A6D471D00D0FF8D /* NetworkManager.swift in Sources */,
				E2713D172A6D425200D0FF8D /* MovieListViewController.swift in Sources */,
				E2713D132A6D425200D0FF8D /* AppDelegate.swift in Sources */,
				E237F1852A77D15D00419537 /* MovieDetailViewController+Collections.swift in Sources */,
				E2713D2B2A6D458B00D0FF8D /* FavoriteMoviesViewController.swift in Sources */,
				E2B825752A6E9CF80013FA90 /* Double.swift in Sources */,
				E2713D152A6D425200D0FF8D /* SceneDelegate.swift in Sources */,
				E2AA20EB2A6FEB4F00905FE1 /* UIView.swift in Sources */,
				E237F1822A77D0BB00419537 /* RecommendedCollectionViewCell.swift in Sources */,
				E2AEBA862A79448A0023E564 /* ViewControllerNavigationHandlerDelegate.swift in Sources */,
				E2713D5C2A6DA36500D0FF8D /* NetworkConstants.swift in Sources */,
				E2713D552A6D770D00D0FF8D /* MovieCredit.swift in Sources */,
				E237F17D2A77A42700419537 /* WatchProviderView.swift in Sources */,
				E2FF09632A7147CA00A0E82A /* UIButton.swift in Sources */,
				E2571FDC2A7A3A79004F5373 /* MovieVideoResults.swift in Sources */,
				E2B825692A6E8B620013FA90 /* UIViewController.swift in Sources */,
				E2713D2D2A6D45B500D0FF8D /* MovieDetailViewController.swift in Sources */,
				E2713D452A6D4B9900D0FF8D /* Constants.swift in Sources */,
				E2AFE9A52A78FD3400230DCF /* GenreView.swift in Sources */,
				E2713D632A6E611000D0FF8D /* UIImageView.swift in Sources */,
				E2571FDE2A7A3A93004F5373 /* MovieVideo.swift in Sources */,
				E2713D512A6D75DC00D0FF8D /* PopularMovies.swift in Sources */,
				E2713D532A6D765900D0FF8D /* MovieSearchResults.swift in Sources */,
				E2713D322A6D46D300D0FF8D /* Movie.swift in Sources */,
				E2FF095E2A710F9700A0E82A /* ErrorAlertManager.swift in Sources */,
				E2713D292A6D455100D0FF8D /* MovieSearchViewController.swift in Sources */,
				E2D358A82A73E5C3007D5C4D /* UIImage.swift in Sources */,
				E2AA20EF2A6FEECE00905FE1 /* APIManager.swift in Sources */,
			);
			runOnlyForDeploymentPostprocessing = 0;
		};
/* End PBXSourcesBuildPhase section */

/* Begin PBXVariantGroup section */
		E2713D182A6D425200D0FF8D /* Main.storyboard */ = {
			isa = PBXVariantGroup;
			children = (
				E2713D192A6D425200D0FF8D /* Base */,
				E23192EA2A7009D100D40F63 /* en */,
				E23192EB2A7009D900D40F63 /* tr */,
			);
			name = Main.storyboard;
			sourceTree = "<group>";
		};
		E2713D1D2A6D425400D0FF8D /* LaunchScreen.storyboard */ = {
			isa = PBXVariantGroup;
			children = (
				E2713D1E2A6D425400D0FF8D /* Base */,
				E2B8256F2A6E956B0013FA90 /* tr */,
			);
			name = LaunchScreen.storyboard;
			sourceTree = "<group>";
		};
		E2B8256E2A6E953C0013FA90 /* Localizable.strings */ = {
			isa = PBXVariantGroup;
			children = (
				E2B8256D2A6E953C0013FA90 /* en */,
				E2B825712A6E956C0013FA90 /* tr */,
			);
			name = Localizable.strings;
			sourceTree = "<group>";
		};
/* End PBXVariantGroup section */

/* Begin XCBuildConfiguration section */
		E2713D212A6D425400D0FF8D /* Debug */ = {
			isa = XCBuildConfiguration;
			buildSettings = {
				ALWAYS_SEARCH_USER_PATHS = NO;
				CLANG_ANALYZER_LOCALIZABILITY_NONLOCALIZED = YES;
				CLANG_ANALYZER_NONNULL = YES;
				CLANG_ANALYZER_NUMBER_OBJECT_CONVERSION = YES_AGGRESSIVE;
				CLANG_CXX_LANGUAGE_STANDARD = "gnu++20";
				CLANG_ENABLE_MODULES = YES;
				CLANG_ENABLE_OBJC_ARC = YES;
				CLANG_ENABLE_OBJC_WEAK = YES;
				CLANG_WARN_BLOCK_CAPTURE_AUTORELEASING = YES;
				CLANG_WARN_BOOL_CONVERSION = YES;
				CLANG_WARN_COMMA = YES;
				CLANG_WARN_CONSTANT_CONVERSION = YES;
				CLANG_WARN_DEPRECATED_OBJC_IMPLEMENTATIONS = YES;
				CLANG_WARN_DIRECT_OBJC_ISA_USAGE = YES_ERROR;
				CLANG_WARN_DOCUMENTATION_COMMENTS = YES;
				CLANG_WARN_EMPTY_BODY = YES;
				CLANG_WARN_ENUM_CONVERSION = YES;
				CLANG_WARN_INFINITE_RECURSION = YES;
				CLANG_WARN_INT_CONVERSION = YES;
				CLANG_WARN_NON_LITERAL_NULL_CONVERSION = YES;
				CLANG_WARN_OBJC_IMPLICIT_RETAIN_SELF = YES;
				CLANG_WARN_OBJC_LITERAL_CONVERSION = YES;
				CLANG_WARN_OBJC_ROOT_CLASS = YES_ERROR;
				CLANG_WARN_QUOTED_INCLUDE_IN_FRAMEWORK_HEADER = YES;
				CLANG_WARN_RANGE_LOOP_ANALYSIS = YES;
				CLANG_WARN_STRICT_PROTOTYPES = YES;
				CLANG_WARN_SUSPICIOUS_MOVE = YES;
				CLANG_WARN_UNGUARDED_AVAILABILITY = YES_AGGRESSIVE;
				CLANG_WARN_UNREACHABLE_CODE = YES;
				CLANG_WARN__DUPLICATE_METHOD_MATCH = YES;
				COPY_PHASE_STRIP = NO;
				DEBUG_INFORMATION_FORMAT = dwarf;
				ENABLE_STRICT_OBJC_MSGSEND = YES;
				ENABLE_TESTABILITY = YES;
				GCC_C_LANGUAGE_STANDARD = gnu11;
				GCC_DYNAMIC_NO_PIC = NO;
				GCC_NO_COMMON_BLOCKS = YES;
				GCC_OPTIMIZATION_LEVEL = 0;
				GCC_PREPROCESSOR_DEFINITIONS = (
					"DEBUG=1",
					"$(inherited)",
				);
				GCC_WARN_64_TO_32_BIT_CONVERSION = YES;
				GCC_WARN_ABOUT_RETURN_TYPE = YES_ERROR;
				GCC_WARN_UNDECLARED_SELECTOR = YES;
				GCC_WARN_UNINITIALIZED_AUTOS = YES_AGGRESSIVE;
				GCC_WARN_UNUSED_FUNCTION = YES;
				GCC_WARN_UNUSED_VARIABLE = YES;
				IPHONEOS_DEPLOYMENT_TARGET = 16.2;
				MTL_ENABLE_DEBUG_INFO = INCLUDE_SOURCE;
				MTL_FAST_MATH = YES;
				ONLY_ACTIVE_ARCH = YES;
				SDKROOT = iphoneos;
				SWIFT_ACTIVE_COMPILATION_CONDITIONS = DEBUG;
				SWIFT_OPTIMIZATION_LEVEL = "-Onone";
			};
			name = Debug;
		};
		E2713D222A6D425400D0FF8D /* Release */ = {
			isa = XCBuildConfiguration;
			buildSettings = {
				ALWAYS_SEARCH_USER_PATHS = NO;
				CLANG_ANALYZER_LOCALIZABILITY_NONLOCALIZED = YES;
				CLANG_ANALYZER_NONNULL = YES;
				CLANG_ANALYZER_NUMBER_OBJECT_CONVERSION = YES_AGGRESSIVE;
				CLANG_CXX_LANGUAGE_STANDARD = "gnu++20";
				CLANG_ENABLE_MODULES = YES;
				CLANG_ENABLE_OBJC_ARC = YES;
				CLANG_ENABLE_OBJC_WEAK = YES;
				CLANG_WARN_BLOCK_CAPTURE_AUTORELEASING = YES;
				CLANG_WARN_BOOL_CONVERSION = YES;
				CLANG_WARN_COMMA = YES;
				CLANG_WARN_CONSTANT_CONVERSION = YES;
				CLANG_WARN_DEPRECATED_OBJC_IMPLEMENTATIONS = YES;
				CLANG_WARN_DIRECT_OBJC_ISA_USAGE = YES_ERROR;
				CLANG_WARN_DOCUMENTATION_COMMENTS = YES;
				CLANG_WARN_EMPTY_BODY = YES;
				CLANG_WARN_ENUM_CONVERSION = YES;
				CLANG_WARN_INFINITE_RECURSION = YES;
				CLANG_WARN_INT_CONVERSION = YES;
				CLANG_WARN_NON_LITERAL_NULL_CONVERSION = YES;
				CLANG_WARN_OBJC_IMPLICIT_RETAIN_SELF = YES;
				CLANG_WARN_OBJC_LITERAL_CONVERSION = YES;
				CLANG_WARN_OBJC_ROOT_CLASS = YES_ERROR;
				CLANG_WARN_QUOTED_INCLUDE_IN_FRAMEWORK_HEADER = YES;
				CLANG_WARN_RANGE_LOOP_ANALYSIS = YES;
				CLANG_WARN_STRICT_PROTOTYPES = YES;
				CLANG_WARN_SUSPICIOUS_MOVE = YES;
				CLANG_WARN_UNGUARDED_AVAILABILITY = YES_AGGRESSIVE;
				CLANG_WARN_UNREACHABLE_CODE = YES;
				CLANG_WARN__DUPLICATE_METHOD_MATCH = YES;
				COPY_PHASE_STRIP = NO;
				DEBUG_INFORMATION_FORMAT = "dwarf-with-dsym";
				ENABLE_NS_ASSERTIONS = NO;
				ENABLE_STRICT_OBJC_MSGSEND = YES;
				GCC_C_LANGUAGE_STANDARD = gnu11;
				GCC_NO_COMMON_BLOCKS = YES;
				GCC_WARN_64_TO_32_BIT_CONVERSION = YES;
				GCC_WARN_ABOUT_RETURN_TYPE = YES_ERROR;
				GCC_WARN_UNDECLARED_SELECTOR = YES;
				GCC_WARN_UNINITIALIZED_AUTOS = YES_AGGRESSIVE;
				GCC_WARN_UNUSED_FUNCTION = YES;
				GCC_WARN_UNUSED_VARIABLE = YES;
				IPHONEOS_DEPLOYMENT_TARGET = 16.2;
				MTL_ENABLE_DEBUG_INFO = NO;
				MTL_FAST_MATH = YES;
				SDKROOT = iphoneos;
				SWIFT_COMPILATION_MODE = wholemodule;
				SWIFT_OPTIMIZATION_LEVEL = "-O";
				VALIDATE_PRODUCT = YES;
			};
			name = Release;
		};
		E2713D242A6D425400D0FF8D /* Debug */ = {
			isa = XCBuildConfiguration;
			buildSettings = {
				ASSETCATALOG_COMPILER_APPICON_NAME = AppIcon;
				ASSETCATALOG_COMPILER_GLOBAL_ACCENT_COLOR_NAME = AccentColor;
				CODE_SIGN_STYLE = Automatic;
				CURRENT_PROJECT_VERSION = 1;
				DEVELOPMENT_TEAM = W3ZMLTLN82;
				GENERATE_INFOPLIST_FILE = YES;
				INFOPLIST_FILE = MovieProject/Info.plist;
				INFOPLIST_KEY_UIApplicationSupportsIndirectInputEvents = YES;
				INFOPLIST_KEY_UILaunchStoryboardName = LaunchScreen;
				INFOPLIST_KEY_UIMainStoryboardFile = Main;
				INFOPLIST_KEY_UISupportedInterfaceOrientations_iPad = "UIInterfaceOrientationPortrait UIInterfaceOrientationPortraitUpsideDown UIInterfaceOrientationLandscapeLeft UIInterfaceOrientationLandscapeRight";
				INFOPLIST_KEY_UISupportedInterfaceOrientations_iPhone = "UIInterfaceOrientationPortrait UIInterfaceOrientationLandscapeLeft UIInterfaceOrientationLandscapeRight";
				IPHONEOS_DEPLOYMENT_TARGET = 13.0;
				LD_RUNPATH_SEARCH_PATHS = (
					"$(inherited)",
					"@executable_path/Frameworks",
				);
				MARKETING_VERSION = 1.0;
				PRODUCT_BUNDLE_IDENTIFIER = com.saltware.MovieProject;
				PRODUCT_NAME = "$(TARGET_NAME)";
				SWIFT_EMIT_LOC_STRINGS = YES;
				SWIFT_VERSION = 5.0;
				TARGETED_DEVICE_FAMILY = "1,2";
			};
			name = Debug;
		};
		E2713D252A6D425400D0FF8D /* Release */ = {
			isa = XCBuildConfiguration;
			buildSettings = {
				ASSETCATALOG_COMPILER_APPICON_NAME = AppIcon;
				ASSETCATALOG_COMPILER_GLOBAL_ACCENT_COLOR_NAME = AccentColor;
				CODE_SIGN_STYLE = Automatic;
				CURRENT_PROJECT_VERSION = 1;
				DEVELOPMENT_TEAM = W3ZMLTLN82;
				GENERATE_INFOPLIST_FILE = YES;
				INFOPLIST_FILE = MovieProject/Info.plist;
				INFOPLIST_KEY_UIApplicationSupportsIndirectInputEvents = YES;
				INFOPLIST_KEY_UILaunchStoryboardName = LaunchScreen;
				INFOPLIST_KEY_UIMainStoryboardFile = Main;
				INFOPLIST_KEY_UISupportedInterfaceOrientations_iPad = "UIInterfaceOrientationPortrait UIInterfaceOrientationPortraitUpsideDown UIInterfaceOrientationLandscapeLeft UIInterfaceOrientationLandscapeRight";
				INFOPLIST_KEY_UISupportedInterfaceOrientations_iPhone = "UIInterfaceOrientationPortrait UIInterfaceOrientationLandscapeLeft UIInterfaceOrientationLandscapeRight";
				IPHONEOS_DEPLOYMENT_TARGET = 13.0;
				LD_RUNPATH_SEARCH_PATHS = (
					"$(inherited)",
					"@executable_path/Frameworks",
				);
				MARKETING_VERSION = 1.0;
				PRODUCT_BUNDLE_IDENTIFIER = com.saltware.MovieProject;
				PRODUCT_NAME = "$(TARGET_NAME)";
				SWIFT_EMIT_LOC_STRINGS = YES;
				SWIFT_VERSION = 5.0;
				TARGETED_DEVICE_FAMILY = "1,2";
			};
			name = Release;
		};
/* End XCBuildConfiguration section */

/* Begin XCConfigurationList section */
		E2713D0A2A6D425200D0FF8D /* Build configuration list for PBXProject "MovieProject" */ = {
			isa = XCConfigurationList;
			buildConfigurations = (
				E2713D212A6D425400D0FF8D /* Debug */,
				E2713D222A6D425400D0FF8D /* Release */,
			);
			defaultConfigurationIsVisible = 0;
			defaultConfigurationName = Release;
		};
		E2713D232A6D425400D0FF8D /* Build configuration list for PBXNativeTarget "MovieProject" */ = {
			isa = XCConfigurationList;
			buildConfigurations = (
				E2713D242A6D425400D0FF8D /* Debug */,
				E2713D252A6D425400D0FF8D /* Release */,
			);
			defaultConfigurationIsVisible = 0;
			defaultConfigurationName = Release;
		};
/* End XCConfigurationList section */

/* Begin XCRemoteSwiftPackageReference section */
		E2713D582A6DA30000D0FF8D /* XCRemoteSwiftPackageReference "Alamofire" */ = {
			isa = XCRemoteSwiftPackageReference;
			repositoryURL = "https://github.com/Alamofire/Alamofire.git";
			requirement = {
				kind = upToNextMajorVersion;
				minimumVersion = 5.0.0;
			};
		};
		E2713D5F2A6E5FC000D0FF8D /* XCRemoteSwiftPackageReference "Kingfisher" */ = {
			isa = XCRemoteSwiftPackageReference;
			repositoryURL = "https://github.com/onevcat/Kingfisher.git";
			requirement = {
				branch = master;
				kind = branch;
			};
		};
		E2AA20E12A6FC6EF00905FE1 /* XCRemoteSwiftPackageReference "FlagKit" */ = {
			isa = XCRemoteSwiftPackageReference;
			repositoryURL = "https://github.com/madebybowtie/FlagKit.git";
			requirement = {
				kind = upToNextMajorVersion;
				minimumVersion = 2.0.0;
			};
		};
/* End XCRemoteSwiftPackageReference section */

/* Begin XCSwiftPackageProductDependency section */
		E2713D592A6DA30000D0FF8D /* Alamofire */ = {
			isa = XCSwiftPackageProductDependency;
			package = E2713D582A6DA30000D0FF8D /* XCRemoteSwiftPackageReference "Alamofire" */;
			productName = Alamofire;
		};
		E2713D602A6E5FC000D0FF8D /* Kingfisher */ = {
			isa = XCSwiftPackageProductDependency;
			package = E2713D5F2A6E5FC000D0FF8D /* XCRemoteSwiftPackageReference "Kingfisher" */;
			productName = Kingfisher;
		};
		E2AA20E22A6FC6EF00905FE1 /* FlagKit */ = {
			isa = XCSwiftPackageProductDependency;
			package = E2AA20E12A6FC6EF00905FE1 /* XCRemoteSwiftPackageReference "FlagKit" */;
			productName = FlagKit;
		};
/* End XCSwiftPackageProductDependency section */

/* Begin XCVersionGroup section */
		E2FF095F2A7133C400A0E82A /* FavouriteMovie.xcdatamodeld */ = {
			isa = XCVersionGroup;
			children = (
				E2FF09602A7133C400A0E82A /* FavouriteMovie.xcdatamodel */,
			);
			currentVersion = E2FF09602A7133C400A0E82A /* FavouriteMovie.xcdatamodel */;
			path = FavouriteMovie.xcdatamodeld;
			sourceTree = "<group>";
			versionGroupType = wrapper.xcdatamodel;
		};
/* End XCVersionGroup section */
	};
	rootObject = E2713D072A6D425200D0FF8D /* Project object */;
}
