{
  "pins" : [
    {
      "identity" : "alamofire",
      "kind" : "remoteSourceControl",
      "location" : "https://github.com/Alamofire/Alamofire.git",
      "state" : {
        "revision" : "bc268c28fb170f494de9e9927c371b8342979ece",
        "version" : "5.7.1"
      }
    },
    {
      "identity" : "flagkit",
      "kind" : "remoteSourceControl",
      "location" : "https://github.com/madebybowtie/FlagKit.git",
      "state" : {
        "revision" : "f12111d91902d23fd1d9cc7ad9198030b049795d",
        "version" : "2.4.0"
      }
    },
    {
      "identity" : "kingfisher",
      "kind" : "remoteSourceControl",
      "location" : "https://github.com/onevcat/Kingfisher.git",
      "state" : {
        "branch" : "master",
        "revision" : "855255794aa1e865b502a06a11c4c136fa81b070"
      }
    }
  ],
  "version" : 2
}
